
Microsoft Visual Studio Solution File, Format Version 12.00
# Visual Studio 15
VisualStudioVersion = 15.0.28010.2046
MinimumVisualStudioVersion = 10.0.40219.1
Project("{FAE04EC0-301F-11D3-BF4B-00C04F79EFBC}") = "Scrobbly", "Scrobbly\Scrobbly.csproj", "{EC857E84-5DC9-4D8D-AD61-9A4723374DF3}"
EndProject
Global
	GlobalSection(SolutionConfigurationPlatforms) = preSolution
		Debug|Any CPU = Debug|Any CPU
		Release|Any CPU = Release|Any CPU
	EndGlobalSection
	GlobalSection(ProjectConfigurationPlatforms) = postSolution
		{EC857E84-5DC9-4D8D-AD61-9A4723374DF3}.Debug|Any CPU.ActiveCfg = Debug|Any CPU
		{EC857E84-5DC9-4D8D-AD61-9A4723374DF3}.Debug|Any CPU.Build.0 = Debug|Any CPU
		{EC857E84-5DC9-4D8D-AD61-9A4723374DF3}.Release|Any CPU.ActiveCfg = Release|Any CPU
		{EC857E84-5DC9-4D8D-AD61-9A4723374DF3}.Release|Any CPU.Build.0 = Release|Any CPU
	EndGlobalSection
	GlobalSection(SolutionProperties) = preSolution
		HideSolutionNode = FALSE
	EndGlobalSection
	GlobalSection(ExtensibilityGlobals) = postSolution
		SolutionGuid = {34944B4A-3D43-41A4-A928-E105C51D3323}
	EndGlobalSection
EndGlobal
